
Microsoft Visual Studio Solution File, Format Version 12.00
# Visual Studio Version 16
VisualStudioVersion = 16.0.30711.63
MinimumVisualStudioVersion = 10.0.40219.1
Project("{8BC9CEB8-8B4A-11D0-8D11-00A0C91BC942}") = "Project1", "Project1.vcxproj", "{42134426-4318-44B9-A4A6-A6AE9A32D5D5}"
EndProject
Global
	GlobalSection(SolutionConfigurationPlatforms) = preSolution
		Debug|x64 = Debug|x64
		Debug|x86 = Debug|x86
		Release|x64 = Release|x64
		Release|x86 = Release|x86
	EndGlobalSection
	GlobalSection(ProjectConfigurationPlatforms) = postSolution
		{42134426-4318-44B9-A4A6-A6AE9A32D5D5}.Debug|x64.ActiveCfg = Debug|x64
		{42134426-4318-44B9-A4A6-A6AE9A32D5D5}.Debug|x64.Build.0 = Debug|x64
		{42134426-4318-44B9-A4A6-A6AE9A32D5D5}.Debug|x86.ActiveCfg = Debug|Win32
		{42134426-4318-44B9-A4A6-A6AE9A32D5D5}.Debug|x86.Build.0 = Debug|Win32
		{42134426-4318-44B9-A4A6-A6AE9A32D5D5}.Release|x64.ActiveCfg = Release|x64
		{42134426-4318-44B9-A4A6-A6AE9A32D5D5}.Release|x64.Build.0 = Release|x64
		{42134426-4318-44B9-A4A6-A6AE9A32D5D5}.Release|x86.ActiveCfg = Release|Win32
		{42134426-4318-44B9-A4A6-A6AE9A32D5D5}.Release|x86.Build.0 = Release|Win32
	EndGlobalSection
	GlobalSection(SolutionProperties) = preSolution
		HideSolutionNode = FALSE
	EndGlobalSection
	GlobalSection(ExtensibilityGlobals) = postSolution
		SolutionGuid = {8A315611-69AA-4084-AC73-8A97F87F5528}
	EndGlobalSection
EndGlobal
